# This file is autogenerated, do not edit; changes may be undone by the next 'dep ensure'.


[[projects]]
  digest = "1:ffe9824d294da03b391f44e1ae8281281b4afc1bdaa9588c9097785e3af10cec"
  name = "github.com/davecgh/go-spew"
  packages = ["spew"]
  pruneopts = "UT"
  revision = "8991bc29aa16c548c550c7ff78260e27b9ab7c73"
  version = "v1.1.1"

[[projects]]
  digest = "1:c0a566b3f376c6a2266930f91bba26b20ef1973940d0de2b361a05a964f299fe"
  name = "github.com/fasthttp/websocket"
  packages = ["."]
  pruneopts = "UT"
  revision = "cefc411b142525c927e2656b34a08f15a37da650"
  version = "v1.4.0"

[[projects]]
  digest = "1:aaa8e0e7e35d92e21daed3f241832cee73d15ca1cd3302ba3843159a959a7eac"
  name = "github.com/klauspost/compress"
  packages = [
    "flate",
    "gzip",
    "zlib",
  ]
  pruneopts = "UT"
  revision = "30be6041bed523c18e269a700ebd9c2ea9328574"
  version = "v1.4.1"

[[projects]]
  digest = "1:2d643962fac133904694fffa959bc3c5dcfdcee38c6f5ffdd99a3c93eb9c835c"
  name = "github.com/klauspost/cpuid"
  packages = ["."]
  pruneopts = "UT"
  revision = "e7e905edc00ea8827e58662220139109efea09db"
  version = "v1.2.0"

[[projects]]
  digest = "1:0028cb19b2e4c3112225cd871870f2d9cf49b9b4276531f03438a88e94be86fe"
  name = "github.com/pmezard/go-difflib"
  packages = ["difflib"]
  pruneopts = "UT"
  revision = "792786c7400a136282c1664665ae0a8db921c6c2"
  version = "v1.0.0"

[[projects]]
  branch = "master"
  digest = "1:822f06753ba1dabe71c6a6056e28176d0824c9a5747a4d1636bbd7811b325f6f"
  name = "github.com/qbeon/webwire-go"
  packages = [
    ".",
    "connopt",
    "message",
    "payload",
    "wwrerr",
  ]
  pruneopts = "UT"
  revision = "8462e3be183a4cee3ea07eeb165b1e0a2c90c6de"

[[projects]]
  digest = "1:c40d65817cdd41fac9aa7af8bed56927bb2d6d47e4fea566a74880f5c2b1c41e"
  name = "github.com/stretchr/testify"
  packages = [
    "assert",
    "require",
  ]
  pruneopts = "UT"
  revision = "f35b8ab0b5a2cef36673838d662e249dd9c94686"
  version = "v1.2.2"

[[projects]]
  branch = "master"
  digest = "1:f52b91ab1b58aa5217d6094865dda519f75296c3884380526cd127bc19f02461"
  name = "github.com/valyala/bytebufferpool"
  packages = ["."]
  pruneopts = "UT"
  revision = "cdfbe9377474227bb42120c1e22fd4433e7f69bf"

[[projects]]
  branch = "master"
  digest = "1:a9742739291f5e52dc45f8c51311c0364a2e29d16028d1cefaf38325356e0321"
  name = "github.com/valyala/fasthttp"
  packages = [
    ".",
    "fasthttputil",
    "stackless",
  ]
  pruneopts = "UT"
  revision = "8be35c8fb8933c6e072155d610aa9831aa823ea2"

[[projects]]
  branch = "master"
  digest = "1:5e4d81c50cffcb124b899e4f3eabec3930c73532f0096c27f94476728ba03028"
  name = "golang.org/x/sync"
  packages = ["semaphore"]
  pruneopts = "UT"
  revision = "42b317875d0fa942474b76e1b46a6060d720ae6e"

[solve-meta]
  analyzer-name = "dep"
  analyzer-version = 1
  input-imports = [
    "github.com/fasthttp/websocket",
    "github.com/qbeon/webwire-go",
    "github.com/qbeon/webwire-go/connopt",
    "github.com/qbeon/webwire-go/message",
    "github.com/qbeon/webwire-go/wwrerr",
    "github.com/stretchr/testify/require",
    "github.com/valyala/fasthttp",
  ]
  solver-name = "gps-cdcl"
  solver-version = 1
